
Microsoft Visual Studio Solution File, Format Version 12.00
# Visual Studio Version 17
VisualStudioVersion = 17.3.32922.545
MinimumVisualStudioVersion = 10.0.40219.1
Project("{FAE04EC0-301F-11D3-BF4B-00C04F79EFBC}") = "GUI", "GUI.csproj", "{60C37A43-A7FB-471A-A22A-401E816C2CA9}"
EndProject
Project("{FAE04EC0-301F-11D3-BF4B-00C04F79EFBC}") = "DAL", "..\DAL\DAL.csproj", "{89C33553-1F1D-49C7-ADC7-B6B72FA9CAC6}"
EndProject
Project("{FAE04EC0-301F-11D3-BF4B-00C04F79EFBC}") = "BUS", "..\BUS\BUS.csproj", "{8221CFBB-4CC0-4173-8B18-E2425D29698F}"
EndProject
Project("{FAE04EC0-301F-11D3-BF4B-00C04F79EFBC}") = "DTO", "..\DTO\DTO.csproj", "{D77BD088-6D18-465B-970E-AF15CD0F3496}"
EndProject
Global
	GlobalSection(SolutionConfigurationPlatforms) = preSolution
		Debug|Any CPU = Debug|Any CPU
		Release|Any CPU = Release|Any CPU
	EndGlobalSection
	GlobalSection(ProjectConfigurationPlatforms) = postSolution
		{60C37A43-A7FB-471A-A22A-401E816C2CA9}.Debug|Any CPU.ActiveCfg = Debug|Any CPU
		{60C37A43-A7FB-471A-A22A-401E816C2CA9}.Debug|Any CPU.Build.0 = Debug|Any CPU
		{60C37A43-A7FB-471A-A22A-401E816C2CA9}.Release|Any CPU.ActiveCfg = Release|Any CPU
		{60C37A43-A7FB-471A-A22A-401E816C2CA9}.Release|Any CPU.Build.0 = Release|Any CPU
		{89C33553-1F1D-49C7-ADC7-B6B72FA9CAC6}.Debug|Any CPU.ActiveCfg = Debug|Any CPU
		{89C33553-1F1D-49C7-ADC7-B6B72FA9CAC6}.Debug|Any CPU.Build.0 = Debug|Any CPU
		{89C33553-1F1D-49C7-ADC7-B6B72FA9CAC6}.Release|Any CPU.ActiveCfg = Release|Any CPU
		{89C33553-1F1D-49C7-ADC7-B6B72FA9CAC6}.Release|Any CPU.Build.0 = Release|Any CPU
		{8221CFBB-4CC0-4173-8B18-E2425D29698F}.Debug|Any CPU.ActiveCfg = Debug|Any CPU
		{8221CFBB-4CC0-4173-8B18-E2425D29698F}.Debug|Any CPU.Build.0 = Debug|Any CPU
		{8221CFBB-4CC0-4173-8B18-E2425D29698F}.Release|Any CPU.ActiveCfg = Release|Any CPU
		{8221CFBB-4CC0-4173-8B18-E2425D29698F}.Release|Any CPU.Build.0 = Release|Any CPU
		{D77BD088-6D18-465B-970E-AF15CD0F3496}.Debug|Any CPU.ActiveCfg = Debug|Any CPU
		{D77BD088-6D18-465B-970E-AF15CD0F3496}.Debug|Any CPU.Build.0 = Debug|Any CPU
		{D77BD088-6D18-465B-970E-AF15CD0F3496}.Release|Any CPU.ActiveCfg = Release|Any CPU
		{D77BD088-6D18-465B-970E-AF15CD0F3496}.Release|Any CPU.Build.0 = Release|Any CPU
	EndGlobalSection
	GlobalSection(SolutionProperties) = preSolution
		HideSolutionNode = FALSE
	EndGlobalSection
	GlobalSection(ExtensibilityGlobals) = postSolution
		SolutionGuid = {4490B5A0-B71F-4450-8FAF-9763CF4831FD}
	EndGlobalSection
EndGlobal
